
Microsoft Visual Studio Solution File, Format Version 12.00
# Visual Studio Version 16
VisualStudioVersion = 16.0.31624.102
MinimumVisualStudioVersion = 10.0.40219.1
Project("{FAE04EC0-301F-11D3-BF4B-00C04F79EFBC}") = "AS2122_4E_INF_MabroukiYoussra_GestioneArticoli", "AS2122_4E_INF_MabroukiYoussra_GestioneArticoli\AS2122_4E_INF_MabroukiYoussra_GestioneArticoli.csproj", "{537F5EA8-8384-417E-A93B-194EFB44199B}"
EndProject
Project("{FAE04EC0-301F-11D3-BF4B-00C04F79EFBC}") = "AS2122_4E_INF_Mabrouki_GestioneArticoli.Library", "AS2122_4E_INF_Mabrouki_GestioneArticoli.Library\AS2122_4E_INF_Mabrouki_GestioneArticoli.Library.csproj", "{9BE6817F-5452-4E37-96C6-4F79456D7277}"
EndProject
Global
	GlobalSection(SolutionConfigurationPlatforms) = preSolution
		Debug|Any CPU = Debug|Any CPU
		Release|Any CPU = Release|Any CPU
	EndGlobalSection
	GlobalSection(ProjectConfigurationPlatforms) = postSolution
		{537F5EA8-8384-417E-A93B-194EFB44199B}.Debug|Any CPU.ActiveCfg = Debug|Any CPU
		{537F5EA8-8384-417E-A93B-194EFB44199B}.Debug|Any CPU.Build.0 = Debug|Any CPU
		{537F5EA8-8384-417E-A93B-194EFB44199B}.Release|Any CPU.ActiveCfg = Release|Any CPU
		{537F5EA8-8384-417E-A93B-194EFB44199B}.Release|Any CPU.Build.0 = Release|Any CPU
		{9BE6817F-5452-4E37-96C6-4F79456D7277}.Debug|Any CPU.ActiveCfg = Debug|Any CPU
		{9BE6817F-5452-4E37-96C6-4F79456D7277}.Debug|Any CPU.Build.0 = Debug|Any CPU
		{9BE6817F-5452-4E37-96C6-4F79456D7277}.Release|Any CPU.ActiveCfg = Release|Any CPU
		{9BE6817F-5452-4E37-96C6-4F79456D7277}.Release|Any CPU.Build.0 = Release|Any CPU
	EndGlobalSection
	GlobalSection(SolutionProperties) = preSolution
		HideSolutionNode = FALSE
	EndGlobalSection
	GlobalSection(ExtensibilityGlobals) = postSolution
		SolutionGuid = {85C1772C-CDF8-4BF6-AEA3-0B623576AA8B}
	EndGlobalSection
EndGlobal
